
Microsoft Visual Studio Solution File, Format Version 12.00
# Visual Studio Express 2013 for Web
VisualStudioVersion = 12.0.31101.0
MinimumVisualStudioVersion = 10.0.40219.1
Project("{FAE04EC0-301F-11D3-BF4B-00C04F79EFBC}") = "video_rental", "video-rental\video_rental.csproj", "{0BC4E3AF-0F87-4041-B44D-DD71A7A83955}"
EndProject
Project("{2150E333-8FDC-42A3-9474-1A3956D46DE8}") = ".nuget", ".nuget", "{64F76831-C8E4-4543-B7A7-43AF0F33264F}"
	ProjectSection(SolutionItems) = preProject
		.nuget\NuGet.Config = .nuget\NuGet.Config
		.nuget\NuGet.exe = .nuget\NuGet.exe
		.nuget\NuGet.targets = .nuget\NuGet.targets
	EndProjectSection
EndProject
Project("{FAE04EC0-301F-11D3-BF4B-00C04F79EFBC}") = "video_rental_test", "video_rental_test\video_rental_test.csproj", "{1821DA89-D63A-4F67-87FB-6F7A58139E08}"
EndProject
Global
	GlobalSection(SolutionConfigurationPlatforms) = preSolution
		Debug|Any CPU = Debug|Any CPU
		Debug|x64 = Debug|x64
		Debug|x86 = Debug|x86
		Release|Any CPU = Release|Any CPU
		Release|x64 = Release|x64
		Release|x86 = Release|x86
	EndGlobalSection
	GlobalSection(ProjectConfigurationPlatforms) = postSolution
		{0BC4E3AF-0F87-4041-B44D-DD71A7A83955}.Debug|Any CPU.ActiveCfg = Debug|Any CPU
		{0BC4E3AF-0F87-4041-B44D-DD71A7A83955}.Debug|Any CPU.Build.0 = Debug|Any CPU
		{0BC4E3AF-0F87-4041-B44D-DD71A7A83955}.Debug|x64.ActiveCfg = Debug|x64
		{0BC4E3AF-0F87-4041-B44D-DD71A7A83955}.Debug|x64.Build.0 = Debug|x64
		{0BC4E3AF-0F87-4041-B44D-DD71A7A83955}.Debug|x86.ActiveCfg = Debug|Any CPU
		{0BC4E3AF-0F87-4041-B44D-DD71A7A83955}.Release|Any CPU.ActiveCfg = Release|Any CPU
		{0BC4E3AF-0F87-4041-B44D-DD71A7A83955}.Release|Any CPU.Build.0 = Release|Any CPU
		{0BC4E3AF-0F87-4041-B44D-DD71A7A83955}.Release|x64.ActiveCfg = Release|x64
		{0BC4E3AF-0F87-4041-B44D-DD71A7A83955}.Release|x64.Build.0 = Release|x64
		{0BC4E3AF-0F87-4041-B44D-DD71A7A83955}.Release|x86.ActiveCfg = Release|x86
		{1821DA89-D63A-4F67-87FB-6F7A58139E08}.Debug|Any CPU.ActiveCfg = Debug|Any CPU
		{1821DA89-D63A-4F67-87FB-6F7A58139E08}.Debug|Any CPU.Build.0 = Debug|Any CPU
		{1821DA89-D63A-4F67-87FB-6F7A58139E08}.Debug|x64.ActiveCfg = Debug|x64
		{1821DA89-D63A-4F67-87FB-6F7A58139E08}.Debug|x64.Build.0 = Debug|x64
		{1821DA89-D63A-4F67-87FB-6F7A58139E08}.Debug|x86.ActiveCfg = Release|Any CPU
		{1821DA89-D63A-4F67-87FB-6F7A58139E08}.Release|Any CPU.ActiveCfg = Release|Any CPU
		{1821DA89-D63A-4F67-87FB-6F7A58139E08}.Release|Any CPU.Build.0 = Release|Any CPU
		{1821DA89-D63A-4F67-87FB-6F7A58139E08}.Release|x64.ActiveCfg = Release|x64
		{1821DA89-D63A-4F67-87FB-6F7A58139E08}.Release|x64.Build.0 = Release|x64
		{1821DA89-D63A-4F67-87FB-6F7A58139E08}.Release|x86.ActiveCfg = Release|x86
	EndGlobalSection
	GlobalSection(SolutionProperties) = preSolution
		HideSolutionNode = FALSE
	EndGlobalSection
	GlobalSection(ExtensibilityGlobals) = postSolution
		EnterpriseLibraryConfigurationToolBinariesPath = packages\Unity.2.1.505.2\lib\NET35
	EndGlobalSection
EndGlobal
